// !$*UTF8*$!
{
	archiveVersion = 1;
	classes = {
	};
	objectVersion = 50;
	objects = {

/* Begin PBXBuildFile section */
		CF66485821596390003B58A0 /* LocationManagerExtensions.swift in Sources */ = {isa = PBXBuildFile; fileRef = CF66485721596390003B58A0 /* LocationManagerExtensions.swift */; };
		CFE466C82158F9A600179A69 /* AppDelegate.swift in Sources */ = {isa = PBXBuildFile; fileRef = CFE466C72158F9A600179A69 /* AppDelegate.swift */; };
		CFE466CD2158F9A600179A69 /* Main.storyboard in Resources */ = {isa = PBXBuildFile; fileRef = CFE466CB2158F9A600179A69 /* Main.storyboard */; };
		CFE466D02158F9A600179A69 /* volgMe.xcdatamodeld in Sources */ = {isa = PBXBuildFile; fileRef = CFE466CE2158F9A600179A69 /* volgMe.xcdatamodeld */; };
		CFE466D22158F9A800179A69 /* Assets.xcassets in Resources */ = {isa = PBXBuildFile; fileRef = CFE466D12158F9A800179A69 /* Assets.xcassets */; };
		CFE466D52158F9A800179A69 /* LaunchScreen.storyboard in Resources */ = {isa = PBXBuildFile; fileRef = CFE466D32158F9A800179A69 /* LaunchScreen.storyboard */; };
		CFE466DE2158FA6400179A69 /* MapKit.framework in Frameworks */ = {isa = PBXBuildFile; fileRef = CFE466DD2158FA6400179A69 /* MapKit.framework */; };
		CFE466E02158FC2000179A69 /* LogBoekVC.swift in Sources */ = {isa = PBXBuildFile; fileRef = CFE466DF2158FC2000179A69 /* LogBoekVC.swift */; };
		CFE467052158FD1900179A69 /* TableViewExtensions.swift in Sources */ = {isa = PBXBuildFile; fileRef = CFE467042158FD1900179A69 /* TableViewExtensions.swift */; };
/* End PBXBuildFile section */

/* Begin PBXFileReference section */
		CF66485721596390003B58A0 /* LocationManagerExtensions.swift */ = {isa = PBXFileReference; lastKnownFileType = sourcecode.swift; path = LocationManagerExtensions.swift; sourceTree = "<group>"; };
		CFE466C42158F9A600179A69 /* volgMe.app */ = {isa = PBXFileReference; explicitFileType = wrapper.application; includeInIndex = 0; path = volgMe.app; sourceTree = BUILT_PRODUCTS_DIR; };
		CFE466C72158F9A600179A69 /* AppDelegate.swift */ = {isa = PBXFileReference; lastKnownFileType = sourcecode.swift; path = AppDelegate.swift; sourceTree = "<group>"; };
		CFE466CC2158F9A600179A69 /* Base */ = {isa = PBXFileReference; lastKnownFileType = file.storyboard; name = Base; path = Base.lproj/Main.storyboard; sourceTree = "<group>"; };
		CFE466CF2158F9A600179A69 /* volgMe.xcdatamodel */ = {isa = PBXFileReference; lastKnownFileType = wrapper.xcdatamodel; path = volgMe.xcdatamodel; sourceTree = "<group>"; };
		CFE466D12158F9A800179A69 /* Assets.xcassets */ = {isa = PBXFileReference; lastKnownFileType = folder.assetcatalog; path = Assets.xcassets; sourceTree = "<group>"; };
		CFE466D42158F9A800179A69 /* Base */ = {isa = PBXFileReference; lastKnownFileType = file.storyboard; name = Base; path = Base.lproj/LaunchScreen.storyboard; sourceTree = "<group>"; };
		CFE466D62158F9A800179A69 /* Info.plist */ = {isa = PBXFileReference; lastKnownFileType = text.plist.xml; path = Info.plist; sourceTree = "<group>"; };
		CFE466DD2158FA6400179A69 /* MapKit.framework */ = {isa = PBXFileReference; lastKnownFileType = wrapper.framework; name = MapKit.framework; path = System/Library/Frameworks/MapKit.framework; sourceTree = SDKROOT; };
		CFE466DF2158FC2000179A69 /* LogBoekVC.swift */ = {isa = PBXFileReference; lastKnownFileType = sourcecode.swift; path = LogBoekVC.swift; sourceTree = "<group>"; };
		CFE467042158FD1900179A69 /* TableViewExtensions.swift */ = {isa = PBXFileReference; lastKnownFileType = sourcecode.swift; path = TableViewExtensions.swift; sourceTree = "<group>"; };
/* End PBXFileReference section */

/* Begin PBXFrameworksBuildPhase section */
		CFE466C12158F9A600179A69 /* Frameworks */ = {
			isa = PBXFrameworksBuildPhase;
			buildActionMask = 2147483647;
			files = (
				CFE466DE2158FA6400179A69 /* MapKit.framework in Frameworks */,
			);
			runOnlyForDeploymentPostprocessing = 0;
		};
/* End PBXFrameworksBuildPhase section */

/* Begin PBXGroup section */
		CFE466BB2158F9A600179A69 = {
			isa = PBXGroup;
			children = (
				CFE466C62158F9A600179A69 /* volgMe */,
				CFE466C52158F9A600179A69 /* Products */,
				CFE466DC2158FA6400179A69 /* Frameworks */,
			);
			sourceTree = "<group>";
		};
		CFE466C52158F9A600179A69 /* Products */ = {
			isa = PBXGroup;
			children = (
				CFE466C42158F9A600179A69 /* volgMe.app */,
			);
			name = Products;
			sourceTree = "<group>";
		};
		CFE466C62158F9A600179A69 /* volgMe */ = {
			isa = PBXGroup;
			children = (
				CFE466C72158F9A600179A69 /* AppDelegate.swift */,
				CFE466DF2158FC2000179A69 /* LogBoekVC.swift */,
				CFE467042158FD1900179A69 /* TableViewExtensions.swift */,
				CF66485721596390003B58A0 /* LocationManagerExtensions.swift */,
				CFE466CB2158F9A600179A69 /* Main.storyboard */,
				CFE466D12158F9A800179A69 /* Assets.xcassets */,
				CFE466D32158F9A800179A69 /* LaunchScreen.storyboard */,
				CFE466D62158F9A800179A69 /* Info.plist */,
				CFE466CE2158F9A600179A69 /* volgMe.xcdatamodeld */,
			);
			path = volgMe;
			sourceTree = "<group>";
		};
		CFE466DC2158FA6400179A69 /* Frameworks */ = {
			isa = PBXGroup;
			children = (
				CFE466DD2158FA6400179A69 /* MapKit.framework */,
			);
			name = Frameworks;
			sourceTree = "<group>";
		};
/* End PBXGroup section */

/* Begin PBXNativeTarget section */
		CFE466C32158F9A600179A69 /* volgMe */ = {
			isa = PBXNativeTarget;
			buildConfigurationList = CFE466D92158F9A800179A69 /* Build configuration list for PBXNativeTarget "volgMe" */;
			buildPhases = (
				CFE466C02158F9A600179A69 /* Sources */,
				CFE466C12158F9A600179A69 /* Frameworks */,
				CFE466C22158F9A600179A69 /* Resources */,
			);
			buildRules = (
			);
			dependencies = (
			);
			name = volgMe;
			productName = volgMe;
			productReference = CFE466C42158F9A600179A69 /* volgMe.app */;
			productType = "com.apple.product-type.application";
		};
/* End PBXNativeTarget section */

/* Begin PBXProject section */
		CFE466BC2158F9A600179A69 /* Project object */ = {
			isa = PBXProject;
			attributes = {
				LastSwiftUpdateCheck = 1000;
				LastUpgradeCheck = 1000;
				ORGANIZATIONNAME = "Toine Schnabel";
				TargetAttributes = {
					CFE466C32158F9A600179A69 = {
						CreatedOnToolsVersion = 10.0;
						SystemCapabilities = {
							com.apple.BackgroundModes = {
								enabled = 1;
							};
							com.apple.Maps.iOS = {
								enabled = 1;
							};
						};
					};
				};
			};
			buildConfigurationList = CFE466BF2158F9A600179A69 /* Build configuration list for PBXProject "volgMe" */;
			compatibilityVersion = "Xcode 9.3";
			developmentRegion = en;
			hasScannedForEncodings = 0;
			knownRegions = (
				en,
				Base,
			);
			mainGroup = CFE466BB2158F9A600179A69;
			productRefGroup = CFE466C52158F9A600179A69 /* Products */;
			projectDirPath = "";
			projectRoot = "";
			targets = (
				CFE466C32158F9A600179A69 /* volgMe */,
			);
		};
/* End PBXProject section */

/* Begin PBXResourcesBuildPhase section */
		CFE466C22158F9A600179A69 /* Resources */ = {
			isa = PBXResourcesBuildPhase;
			buildActionMask = 2147483647;
			files = (
				CFE466D52158F9A800179A69 /* LaunchScreen.storyboard in Resources */,
				CFE466D22158F9A800179A69 /* Assets.xcassets in Resources */,
				CFE466CD2158F9A600179A69 /* Main.storyboard in Resources */,
			);
			runOnlyForDeploymentPostprocessing = 0;
		};
/* End PBXResourcesBuildPhase section */

/* Begin PBXSourcesBuildPhase section */
		CFE466C02158F9A600179A69 /* Sources */ = {
			isa = PBXSourcesBuildPhase;
			buildActionMask = 2147483647;
			files = (
				CFE466C82158F9A600179A69 /* AppDelegate.swift in Sources */,
				CF66485821596390003B58A0 /* LocationManagerExtensions.swift in Sources */,
				CFE466E02158FC2000179A69 /* LogBoekVC.swift in Sources */,
				CFE466D02158F9A600179A69 /* volgMe.xcdatamodeld in Sources */,
				CFE467052158FD1900179A69 /* TableViewExtensions.swift in Sources */,
			);
			runOnlyForDeploymentPostprocessing = 0;
		};
/* End PBXSourcesBuildPhase section */

/* Begin PBXVariantGroup section */
		CFE466CB2158F9A600179A69 /* Main.storyboard */ = {
			isa = PBXVariantGroup;
			children = (
				CFE466CC2158F9A600179A69 /* Base */,
			);
			name = Main.storyboard;
			sourceTree = "<group>";
		};
		CFE466D32158F9A800179A69 /* LaunchScreen.storyboard */ = {
			isa = PBXVariantGroup;
			children = (
				CFE466D42158F9A800179A69 /* Base */,
			);
			name = LaunchScreen.storyboard;
			sourceTree = "<group>";
		};
/* End PBXVariantGroup section */

/* Begin XCBuildConfiguration section */
		CFE466D72158F9A800179A69 /* Debug */ = {
			isa = XCBuildConfiguration;
			buildSettings = {
				ALWAYS_SEARCH_USER_PATHS = NO;
				CLANG_ANALYZER_NONNULL = YES;
				CLANG_ANALYZER_NUMBER_OBJECT_CONVERSION = YES_AGGRESSIVE;
				CLANG_CXX_LANGUAGE_STANDARD = "gnu++14";
				CLANG_CXX_LIBRARY = "libc++";
				CLANG_ENABLE_MODULES = YES;
				CLANG_ENABLE_OBJC_ARC = YES;
				CLANG_ENABLE_OBJC_WEAK = YES;
				CLANG_WARN_BLOCK_CAPTURE_AUTORELEASING = YES;
				CLANG_WARN_BOOL_CONVERSION = YES;
				CLANG_WARN_COMMA = YES;
				CLANG_WARN_CONSTANT_CONVERSION = YES;
				CLANG_WARN_DEPRECATED_OBJC_IMPLEMENTATIONS = YES;
				CLANG_WARN_DIRECT_OBJC_ISA_USAGE = YES_ERROR;
				CLANG_WARN_DOCUMENTATION_COMMENTS = YES;
				CLANG_WARN_EMPTY_BODY = YES;
				CLANG_WARN_ENUM_CONVERSION = YES;
				CLANG_WARN_INFINITE_RECURSION = YES;
				CLANG_WARN_INT_CONVERSION = YES;
				CLANG_WARN_NON_LITERAL_NULL_CONVERSION = YES;
				CLANG_WARN_OBJC_IMPLICIT_RETAIN_SELF = YES;
				CLANG_WARN_OBJC_LITERAL_CONVERSION = YES;
				CLANG_WARN_OBJC_ROOT_CLASS = YES_ERROR;
				CLANG_WARN_RANGE_LOOP_ANALYSIS = YES;
				CLANG_WARN_STRICT_PROTOTYPES = YES;
				CLANG_WARN_SUSPICIOUS_MOVE = YES;
				CLANG_WARN_UNGUARDED_AVAILABILITY = YES_AGGRESSIVE;
				CLANG_WARN_UNREACHABLE_CODE = YES;
				CLANG_WARN__DUPLICATE_METHOD_MATCH = YES;
				CODE_SIGN_IDENTITY = "iPhone Developer";
				COPY_PHASE_STRIP = NO;
				DEBUG_INFORMATION_FORMAT = dwarf;
				ENABLE_STRICT_OBJC_MSGSEND = YES;
				ENABLE_TESTABILITY = YES;
				GCC_C_LANGUAGE_STANDARD = gnu11;
				GCC_DYNAMIC_NO_PIC = NO;
				GCC_NO_COMMON_BLOCKS = YES;
				GCC_OPTIMIZATION_LEVEL = 0;
				GCC_PREPROCESSOR_DEFINITIONS = (
					"DEBUG=1",
					"$(inherited)",
				);
				GCC_WARN_64_TO_32_BIT_CONVERSION = YES;
				GCC_WARN_ABOUT_RETURN_TYPE = YES_ERROR;
				GCC_WARN_UNDECLARED_SELECTOR = YES;
				GCC_WARN_UNINITIALIZED_AUTOS = YES_AGGRESSIVE;
				GCC_WARN_UNUSED_FUNCTION = YES;
				GCC_WARN_UNUSED_VARIABLE = YES;
				IPHONEOS_DEPLOYMENT_TARGET = 12.0;
				MTL_ENABLE_DEBUG_INFO = INCLUDE_SOURCE;
				MTL_FAST_MATH = YES;
				ONLY_ACTIVE_ARCH = YES;
				SDKROOT = iphoneos;
				SWIFT_ACTIVE_COMPILATION_CONDITIONS = DEBUG;
				SWIFT_OPTIMIZATION_LEVEL = "-Onone";
			};
			name = Debug;
		};
		CFE466D82158F9A800179A69 /* Release */ = {
			isa = XCBuildConfiguration;
			buildSettings = {
				ALWAYS_SEARCH_USER_PATHS = NO;
				CLANG_ANALYZER_NONNULL = YES;
				CLANG_ANALYZER_NUMBER_OBJECT_CONVERSION = YES_AGGRESSIVE;
				CLANG_CXX_LANGUAGE_STANDARD = "gnu++14";
				CLANG_CXX_LIBRARY = "libc++";
				CLANG_ENABLE_MODULES = YES;
				CLANG_ENABLE_OBJC_ARC = YES;
				CLANG_ENABLE_OBJC_WEAK = YES;
				CLANG_WARN_BLOCK_CAPTURE_AUTORELEASING = YES;
				CLANG_WARN_BOOL_CONVERSION = YES;
				CLANG_WARN_COMMA = YES;
				CLANG_WARN_CONSTANT_CONVERSION = YES;
				CLANG_WARN_DEPRECATED_OBJC_IMPLEMENTATIONS = YES;
				CLANG_WARN_DIRECT_OBJC_ISA_USAGE = YES_ERROR;
				CLANG_WARN_DOCUMENTATION_COMMENTS = YES;
				CLANG_WARN_EMPTY_BODY = YES;
				CLANG_WARN_ENUM_CONVERSION = YES;
				CLANG_WARN_INFINITE_RECURSION = YES;
				CLANG_WARN_INT_CONVERSION = YES;
				CLANG_WARN_NON_LITERAL_NULL_CONVERSION = YES;
				CLANG_WARN_OBJC_IMPLICIT_RETAIN_SELF = YES;
				CLANG_WARN_OBJC_LITERAL_CONVERSION = YES;
				CLANG_WARN_OBJC_ROOT_CLASS = YES_ERROR;
				CLANG_WARN_RANGE_LOOP_ANALYSIS = YES;
				CLANG_WARN_STRICT_PROTOTYPES = YES;
				CLANG_WARN_SUSPICIOUS_MOVE = YES;
				CLANG_WARN_UNGUARDED_AVAILABILITY = YES_AGGRESSIVE;
				CLANG_WARN_UNREACHABLE_CODE = YES;
				CLANG_WARN__DUPLICATE_METHOD_MATCH = YES;
				CODE_SIGN_IDENTITY = "iPhone Developer";
				COPY_PHASE_STRIP = NO;
				DEBUG_INFORMATION_FORMAT = "dwarf-with-dsym";
				ENABLE_NS_ASSERTIONS = NO;
				ENABLE_STRICT_OBJC_MSGSEND = YES;
				GCC_C_LANGUAGE_STANDARD = gnu11;
				GCC_NO_COMMON_BLOCKS = YES;
				GCC_WARN_64_TO_32_BIT_CONVERSION = YES;
				GCC_WARN_ABOUT_RETURN_TYPE = YES_ERROR;
				GCC_WARN_UNDECLARED_SELECTOR = YES;
				GCC_WARN_UNINITIALIZED_AUTOS = YES_AGGRESSIVE;
				GCC_WARN_UNUSED_FUNCTION = YES;
				GCC_WARN_UNUSED_VARIABLE = YES;
				IPHONEOS_DEPLOYMENT_TARGET = 12.0;
				MTL_ENABLE_DEBUG_INFO = NO;
				MTL_FAST_MATH = YES;
				SDKROOT = iphoneos;
				SWIFT_COMPILATION_MODE = wholemodule;
				SWIFT_OPTIMIZATION_LEVEL = "-O";
				VALIDATE_PRODUCT = YES;
			};
			name = Release;
		};
		CFE466DA2158F9A800179A69 /* Debug */ = {
			isa = XCBuildConfiguration;
			buildSettings = {
				ASSETCATALOG_COMPILER_APPICON_NAME = AppIcon;
				CODE_SIGN_STYLE = Automatic;
				DEVELOPMENT_TEAM = 7896DJFEXF;
				INFOPLIST_FILE = volgMe/Info.plist;
				LD_RUNPATH_SEARCH_PATHS = (
					"$(inherited)",
					"@executable_path/Frameworks",
				);
				PRODUCT_BUNDLE_IDENTIFIER = AM.Schnabel.volgMe;
				PRODUCT_NAME = "$(TARGET_NAME)";
				SWIFT_VERSION = 4.2;
				TARGETED_DEVICE_FAMILY = "1,2";
			};
			name = Debug;
		};
		CFE466DB2158F9A800179A69 /* Release */ = {
			isa = XCBuildConfiguration;
			buildSettings = {
				ASSETCATALOG_COMPILER_APPICON_NAME = AppIcon;
				CODE_SIGN_STYLE = Automatic;
				DEVELOPMENT_TEAM = 7896DJFEXF;
				INFOPLIST_FILE = volgMe/Info.plist;
				LD_RUNPATH_SEARCH_PATHS = (
					"$(inherited)",
					"@executable_path/Frameworks",
				);
				PRODUCT_BUNDLE_IDENTIFIER = AM.Schnabel.volgMe;
				PRODUCT_NAME = "$(TARGET_NAME)";
				SWIFT_VERSION = 4.2;
				TARGETED_DEVICE_FAMILY = "1,2";
			};
			name = Release;
		};
/* End XCBuildConfiguration section */

/* Begin XCConfigurationList section */
		CFE466BF2158F9A600179A69 /* Build configuration list for PBXProject "volgMe" */ = {
			isa = XCConfigurationList;
			buildConfigurations = (
				CFE466D72158F9A800179A69 /* Debug */,
				CFE466D82158F9A800179A69 /* Release */,
			);
			defaultConfigurationIsVisible = 0;
			defaultConfigurationName = Release;
		};
		CFE466D92158F9A800179A69 /* Build configuration list for PBXNativeTarget "volgMe" */ = {
			isa = XCConfigurationList;
			buildConfigurations = (
				CFE466DA2158F9A800179A69 /* Debug */,
				CFE466DB2158F9A800179A69 /* Release */,
			);
			defaultConfigurationIsVisible = 0;
			defaultConfigurationName = Release;
		};
/* End XCConfigurationList section */

/* Begin XCVersionGroup section */
		CFE466CE2158F9A600179A69 /* volgMe.xcdatamodeld */ = {
			isa = XCVersionGroup;
			children = (
				CFE466CF2158F9A600179A69 /* volgMe.xcdatamodel */,
			);
			currentVersion = CFE466CF2158F9A600179A69 /* volgMe.xcdatamodel */;
			path = volgMe.xcdatamodeld;
			sourceTree = "<group>";
			versionGroupType = wrapper.xcdatamodel;
		};
/* End XCVersionGroup section */
	};
	rootObject = CFE466BC2158F9A600179A69 /* Project object */;
}
